{
  "name": "AWDF",
  "lockfileVersion": 3,
  "requires": true,
  "packages": {
    "": {
      "dependencies": {
        "@rolldown/binding-win32-x64-msvc": "^1.1.5"
      }
    },
    "node_modules/@rolldown/binding-win32-x64-msvc": {
      "version": "1.1.5",
      "resolved": "https://registry.npmjs.org/@rolldown/binding-win32-x64-msvc/-/binding-win32-x64-msvc-1.1.5.tgz",
      "integrity": "sha512-tTZuDBPw85tEN5PQi1pnEBzDy0Z49HtScLAbD5t6hyeU92A95pRWaSMw1GZZi/RwgSgUIl0xrSlXIT/9QzvYSA==",
      "cpu": [
        "x64"
      ],
      "license": "MIT",
      "os": [
        "win32"
      ],
      "engines": {
        "node": "^20.19.0 || >=22.12.0"
      }
    }
  }
}
